// !$*UTF8*$!
{
	archiveVersion = 1;
	classes = {
	};
	objectVersion = 56;
	objects = {

/* Begin PBXBuildFile section */
		FB5D083C2B6B2DA700A8DAD8 /* AppDelegate.swift in Sources */ = {isa = PBXBuildFile; fileRef = FB5D083B2B6B2DA700A8DAD8 /* AppDelegate.swift */; };
		FB5D083E2B6B2DA700A8DAD8 /* SceneDelegate.swift in Sources */ = {isa = PBXBuildFile; fileRef = FB5D083D2B6B2DA700A8DAD8 /* SceneDelegate.swift */; };
		FB5D08402B6B2DA700A8DAD8 /* ViewController.swift in Sources */ = {isa = PBXBuildFile; fileRef = FB5D083F2B6B2DA700A8DAD8 /* ViewController.swift */; };
		FB5D08432B6B2DA700A8DAD8 /* Main.storyboard in Resources */ = {isa = PBXBuildFile; fileRef = FB5D08412B6B2DA700A8DAD8 /* Main.storyboard */; };
		FB5D08462B6B2DA700A8DAD8 /* test.xcdatamodeld in Sources */ = {isa = PBXBuildFile; fileRef = FB5D08442B6B2DA700A8DAD8 /* test.xcdatamodeld */; };
		FB5D08482B6B2DAA00A8DAD8 /* Assets.xcassets in Resources */ = {isa = PBXBuildFile; fileRef = FB5D08472B6B2DAA00A8DAD8 /* Assets.xcassets */; };
		FB5D084B2B6B2DAA00A8DAD8 /* LaunchScreen.storyboard in Resources */ = {isa = PBXBuildFile; fileRef = FB5D08492B6B2DAA00A8DAD8 /* LaunchScreen.storyboard */; };
		FB5D08562B6B2DAA00A8DAD8 /* testTests.swift in Sources */ = {isa = PBXBuildFile; fileRef = FB5D08552B6B2DAA00A8DAD8 /* testTests.swift */; };
		FB5D08602B6B2DAA00A8DAD8 /* testUITests.swift in Sources */ = {isa = PBXBuildFile; fileRef = FB5D085F2B6B2DAA00A8DAD8 /* testUITests.swift */; };
		FB5D08622B6B2DAA00A8DAD8 /* testUITestsLaunchTests.swift in Sources */ = {isa = PBXBuildFile; fileRef = FB5D08612B6B2DAA00A8DAD8 /* testUITestsLaunchTests.swift */; };
/* End PBXBuildFile section */

/* Begin PBXContainerItemProxy section */
		FB5D08522B6B2DAA00A8DAD8 /* PBXContainerItemProxy */ = {
			isa = PBXContainerItemProxy;
			containerPortal = FB5D08302B6B2DA700A8DAD8 /* Project object */;
			proxyType = 1;
			remoteGlobalIDString = FB5D08372B6B2DA700A8DAD8;
			remoteInfo = test;
		};
		FB5D085C2B6B2DAA00A8DAD8 /* PBXContainerItemProxy */ = {
			isa = PBXContainerItemProxy;
			containerPortal = FB5D08302B6B2DA700A8DAD8 /* Project object */;
			proxyType = 1;
			remoteGlobalIDString = FB5D08372B6B2DA700A8DAD8;
			remoteInfo = test;
		};
/* End PBXContainerItemProxy section */

/* Begin PBXFileReference section */
		FB5D08382B6B2DA700A8DAD8 /* test.app */ = {isa = PBXFileReference; explicitFileType = wrapper.application; includeInIndex = 0; path = test.app; sourceTree = BUILT_PRODUCTS_DIR; };
		FB5D083B2B6B2DA700A8DAD8 /* AppDelegate.swift */ = {isa = PBXFileReference; lastKnownFileType = sourcecode.swift; path = AppDelegate.swift; sourceTree = "<group>"; };
		FB5D083D2B6B2DA700A8DAD8 /* SceneDelegate.swift */ = {isa = PBXFileReference; lastKnownFileType = sourcecode.swift; path = SceneDelegate.swift; sourceTree = "<group>"; };
		FB5D083F2B6B2DA700A8DAD8 /* ViewController.swift */ = {isa = PBXFileReference; lastKnownFileType = sourcecode.swift; path = ViewController.swift; sourceTree = "<group>"; };
		FB5D08422B6B2DA700A8DAD8 /* Base */ = {isa = PBXFileReference; lastKnownFileType = file.storyboard; name = Base; path = Base.lproj/Main.storyboard; sourceTree = "<group>"; };
		FB5D08452B6B2DA700A8DAD8 /* test.xcdatamodel */ = {isa = PBXFileReference; lastKnownFileType = wrapper.xcdatamodel; path = test.xcdatamodel; sourceTree = "<group>"; };
		FB5D08472B6B2DAA00A8DAD8 /* Assets.xcassets */ = {isa = PBXFileReference; lastKnownFileType = folder.assetcatalog; path = Assets.xcassets; sourceTree = "<group>"; };
		FB5D084A2B6B2DAA00A8DAD8 /* Base */ = {isa = PBXFileReference; lastKnownFileType = file.storyboard; name = Base; path = Base.lproj/LaunchScreen.storyboard; sourceTree = "<group>"; };
		FB5D084C2B6B2DAA00A8DAD8 /* Info.plist */ = {isa = PBXFileReference; lastKnownFileType = text.plist.xml; path = Info.plist; sourceTree = "<group>"; };
		FB5D08512B6B2DAA00A8DAD8 /* testTests.xctest */ = {isa = PBXFileReference; explicitFileType = wrapper.cfbundle; includeInIndex = 0; path = testTests.xctest; sourceTree = BUILT_PRODUCTS_DIR; };
		FB5D08552B6B2DAA00A8DAD8 /* testTests.swift */ = {isa = PBXFileReference; lastKnownFileType = sourcecode.swift; path = testTests.swift; sourceTree = "<group>"; };
		FB5D085B2B6B2DAA00A8DAD8 /* testUITests.xctest */ = {isa = PBXFileReference; explicitFileType = wrapper.cfbundle; includeInIndex = 0; path = testUITests.xctest; sourceTree = BUILT_PRODUCTS_DIR; };
		FB5D085F2B6B2DAA00A8DAD8 /* testUITests.swift */ = {isa = PBXFileReference; lastKnownFileType = sourcecode.swift; path = testUITests.swift; sourceTree = "<group>"; };
		FB5D08612B6B2DAA00A8DAD8 /* testUITestsLaunchTests.swift */ = {isa = PBXFileReference; lastKnownFileType = sourcecode.swift; path = testUITestsLaunchTests.swift; sourceTree = "<group>"; };
/* End PBXFileReference section */

/* Begin PBXFrameworksBuildPhase section */
		FB5D08352B6B2DA700A8DAD8 /* Frameworks */ = {
			isa = PBXFrameworksBuildPhase;
			buildActionMask = 2147483647;
			files = (
			);
			runOnlyForDeploymentPostprocessing = 0;
		};
		FB5D084E2B6B2DAA00A8DAD8 /* Frameworks */ = {
			isa = PBXFrameworksBuildPhase;
			buildActionMask = 2147483647;
			files = (
			);
			runOnlyForDeploymentPostprocessing = 0;
		};
		FB5D08582B6B2DAA00A8DAD8 /* Frameworks */ = {
			isa = PBXFrameworksBuildPhase;
			buildActionMask = 2147483647;
			files = (
			);
			runOnlyForDeploymentPostprocessing = 0;
		};
/* End PBXFrameworksBuildPhase section */

/* Begin PBXGroup section */
		FB5D082F2B6B2DA700A8DAD8 = {
			isa = PBXGroup;
			children = (
				FB5D083A2B6B2DA700A8DAD8 /* test */,
				FB5D08542B6B2DAA00A8DAD8 /* testTests */,
				FB5D085E2B6B2DAA00A8DAD8 /* testUITests */,
				FB5D08392B6B2DA700A8DAD8 /* Products */,
			);
			sourceTree = "<group>";
		};
		FB5D08392B6B2DA700A8DAD8 /* Products */ = {
			isa = PBXGroup;
			children = (
				FB5D08382B6B2DA700A8DAD8 /* test.app */,
				FB5D08512B6B2DAA00A8DAD8 /* testTests.xctest */,
				FB5D085B2B6B2DAA00A8DAD8 /* testUITests.xctest */,
			);
			name = Products;
			sourceTree = "<group>";
		};
		FB5D083A2B6B2DA700A8DAD8 /* test */ = {
			isa = PBXGroup;
			children = (
				FB5D083B2B6B2DA700A8DAD8 /* AppDelegate.swift */,
				FB5D083D2B6B2DA700A8DAD8 /* SceneDelegate.swift */,
				FB5D083F2B6B2DA700A8DAD8 /* ViewController.swift */,
				FB5D08412B6B2DA700A8DAD8 /* Main.storyboard */,
				FB5D08472B6B2DAA00A8DAD8 /* Assets.xcassets */,
				FB5D08492B6B2DAA00A8DAD8 /* LaunchScreen.storyboard */,
				FB5D084C2B6B2DAA00A8DAD8 /* Info.plist */,
				FB5D08442B6B2DA700A8DAD8 /* test.xcdatamodeld */,
			);
			path = test;
			sourceTree = "<group>";
		};
		FB5D08542B6B2DAA00A8DAD8 /* testTests */ = {
			isa = PBXGroup;
			children = (
				FB5D08552B6B2DAA00A8DAD8 /* testTests.swift */,
			);
			path = testTests;
			sourceTree = "<group>";
		};
		FB5D085E2B6B2DAA00A8DAD8 /* testUITests */ = {
			isa = PBXGroup;
			children = (
				FB5D085F2B6B2DAA00A8DAD8 /* testUITests.swift */,
				FB5D08612B6B2DAA00A8DAD8 /* testUITestsLaunchTests.swift */,
			);
			path = testUITests;
			sourceTree = "<group>";
		};
/* End PBXGroup section */

/* Begin PBXNativeTarget section */
		FB5D08372B6B2DA700A8DAD8 /* test */ = {
			isa = PBXNativeTarget;
			buildConfigurationList = FB5D08652B6B2DAA00A8DAD8 /* Build configuration list for PBXNativeTarget "test" */;
			buildPhases = (
				FB5D08342B6B2DA700A8DAD8 /* Sources */,
				FB5D08352B6B2DA700A8DAD8 /* Frameworks */,
				FB5D08362B6B2DA700A8DAD8 /* Resources */,
			);
			buildRules = (
			);
			dependencies = (
			);
			name = test;
			productName = test;
			productReference = FB5D08382B6B2DA700A8DAD8 /* test.app */;
			productType = "com.apple.product-type.application";
		};
		FB5D08502B6B2DAA00A8DAD8 /* testTests */ = {
			isa = PBXNativeTarget;
			buildConfigurationList = FB5D08682B6B2DAA00A8DAD8 /* Build configuration list for PBXNativeTarget "testTests" */;
			buildPhases = (
				FB5D084D2B6B2DAA00A8DAD8 /* Sources */,
				FB5D084E2B6B2DAA00A8DAD8 /* Frameworks */,
				FB5D084F2B6B2DAA00A8DAD8 /* Resources */,
			);
			buildRules = (
			);
			dependencies = (
				FB5D08532B6B2DAA00A8DAD8 /* PBXTargetDependency */,
			);
			name = testTests;
			productName = testTests;
			productReference = FB5D08512B6B2DAA00A8DAD8 /* testTests.xctest */;
			productType = "com.apple.product-type.bundle.unit-test";
		};
		FB5D085A2B6B2DAA00A8DAD8 /* testUITests */ = {
			isa = PBXNativeTarget;
			buildConfigurationList = FB5D086B2B6B2DAA00A8DAD8 /* Build configuration list for PBXNativeTarget "testUITests" */;
			buildPhases = (
				FB5D08572B6B2DAA00A8DAD8 /* Sources */,
				FB5D08582B6B2DAA00A8DAD8 /* Frameworks */,
				FB5D08592B6B2DAA00A8DAD8 /* Resources */,
			);
			buildRules = (
			);
			dependencies = (
				FB5D085D2B6B2DAA00A8DAD8 /* PBXTargetDependency */,
			);
			name = testUITests;
			productName = testUITests;
			productReference = FB5D085B2B6B2DAA00A8DAD8 /* testUITests.xctest */;
			productType = "com.apple.product-type.bundle.ui-testing";
		};
/* End PBXNativeTarget section */

/* Begin PBXProject section */
		FB5D08302B6B2DA700A8DAD8 /* Project object */ = {
			isa = PBXProject;
			attributes = {
				BuildIndependentTargetsInParallel = 1;
				LastSwiftUpdateCheck = 1430;
				LastUpgradeCheck = 1430;
				TargetAttributes = {
					FB5D08372B6B2DA700A8DAD8 = {
						CreatedOnToolsVersion = 14.3;
					};
					FB5D08502B6B2DAA00A8DAD8 = {
						CreatedOnToolsVersion = 14.3;
						TestTargetID = FB5D08372B6B2DA700A8DAD8;
					};
					FB5D085A2B6B2DAA00A8DAD8 = {
						CreatedOnToolsVersion = 14.3;
						TestTargetID = FB5D08372B6B2DA700A8DAD8;
					};
				};
			};
			buildConfigurationList = FB5D08332B6B2DA700A8DAD8 /* Build configuration list for PBXProject "test" */;
			compatibilityVersion = "Xcode 14.0";
			developmentRegion = en;
			hasScannedForEncodings = 0;
			knownRegions = (
				en,
				Base,
			);
			mainGroup = FB5D082F2B6B2DA700A8DAD8;
			productRefGroup = FB5D08392B6B2DA700A8DAD8 /* Products */;
			projectDirPath = "";
			projectRoot = "";
			targets = (
				FB5D08372B6B2DA700A8DAD8 /* test */,
				FB5D08502B6B2DAA00A8DAD8 /* testTests */,
				FB5D085A2B6B2DAA00A8DAD8 /* testUITests */,
			);
		};
/* End PBXProject section */

/* Begin PBXResourcesBuildPhase section */
		FB5D08362B6B2DA700A8DAD8 /* Resources */ = {
			isa = PBXResourcesBuildPhase;
			buildActionMask = 2147483647;
			files = (
				FB5D084B2B6B2DAA00A8DAD8 /* LaunchScreen.storyboard in Resources */,
				FB5D08482B6B2DAA00A8DAD8 /* Assets.xcassets in Resources */,
				FB5D08432B6B2DA700A8DAD8 /* Main.storyboard in Resources */,
			);
			runOnlyForDeploymentPostprocessing = 0;
		};
		FB5D084F2B6B2DAA00A8DAD8 /* Resources */ = {
			isa = PBXResourcesBuildPhase;
			buildActionMask = 2147483647;
			files = (
			);
			runOnlyForDeploymentPostprocessing = 0;
		};
		FB5D08592B6B2DAA00A8DAD8 /* Resources */ = {
			isa = PBXResourcesBuildPhase;
			buildActionMask = 2147483647;
			files = (
			);
			runOnlyForDeploymentPostprocessing = 0;
		};
/* End PBXResourcesBuildPhase section */

/* Begin PBXSourcesBuildPhase section */
		FB5D08342B6B2DA700A8DAD8 /* Sources */ = {
			isa = PBXSourcesBuildPhase;
			buildActionMask = 2147483647;
			files = (
				FB5D08402B6B2DA700A8DAD8 /* ViewController.swift in Sources */,
				FB5D08462B6B2DA700A8DAD8 /* test.xcdatamodeld in Sources */,
				FB5D083C2B6B2DA700A8DAD8 /* AppDelegate.swift in Sources */,
				FB5D083E2B6B2DA700A8DAD8 /* SceneDelegate.swift in Sources */,
			);
			runOnlyForDeploymentPostprocessing = 0;
		};
		FB5D084D2B6B2DAA00A8DAD8 /* Sources */ = {
			isa = PBXSourcesBuildPhase;
			buildActionMask = 2147483647;
			files = (
				FB5D08562B6B2DAA00A8DAD8 /* testTests.swift in Sources */,
			);
			runOnlyForDeploymentPostprocessing = 0;
		};
		FB5D08572B6B2DAA00A8DAD8 /* Sources */ = {
			isa = PBXSourcesBuildPhase;
			buildActionMask = 2147483647;
			files = (
				FB5D08622B6B2DAA00A8DAD8 /* testUITestsLaunchTests.swift in Sources */,
				FB5D08602B6B2DAA00A8DAD8 /* testUITests.swift in Sources */,
			);
			runOnlyForDeploymentPostprocessing = 0;
		};
/* End PBXSourcesBuildPhase section */

/* Begin PBXTargetDependency section */
		FB5D08532B6B2DAA00A8DAD8 /* PBXTargetDependency */ = {
			isa = PBXTargetDependency;
			target = FB5D08372B6B2DA700A8DAD8 /* test */;
			targetProxy = FB5D08522B6B2DAA00A8DAD8 /* PBXContainerItemProxy */;
		};
		FB5D085D2B6B2DAA00A8DAD8 /* PBXTargetDependency */ = {
			isa = PBXTargetDependency;
			target = FB5D08372B6B2DA700A8DAD8 /* test */;
			targetProxy = FB5D085C2B6B2DAA00A8DAD8 /* PBXContainerItemProxy */;
		};
/* End PBXTargetDependency section */

/* Begin PBXVariantGroup section */
		FB5D08412B6B2DA700A8DAD8 /* Main.storyboard */ = {
			isa = PBXVariantGroup;
			children = (
				FB5D08422B6B2DA700A8DAD8 /* Base */,
			);
			name = Main.storyboard;
			sourceTree = "<group>";
		};
		FB5D08492B6B2DAA00A8DAD8 /* LaunchScreen.storyboard */ = {
			isa = PBXVariantGroup;
			children = (
				FB5D084A2B6B2DAA00A8DAD8 /* Base */,
			);
			name = LaunchScreen.storyboard;
			sourceTree = "<group>";
		};
/* End PBXVariantGroup section */

/* Begin XCBuildConfiguration section */
		FB5D08632B6B2DAA00A8DAD8 /* Debug */ = {
			isa = XCBuildConfiguration;
			buildSettings = {
				ALWAYS_SEARCH_USER_PATHS = NO;
				CLANG_ANALYZER_NONNULL = YES;
				CLANG_ANALYZER_NUMBER_OBJECT_CONVERSION = YES_AGGRESSIVE;
				CLANG_CXX_LANGUAGE_STANDARD = "gnu++20";
				CLANG_ENABLE_MODULES = YES;
				CLANG_ENABLE_OBJC_ARC = YES;
				CLANG_ENABLE_OBJC_WEAK = YES;
				CLANG_WARN_BLOCK_CAPTURE_AUTORELEASING = YES;
				CLANG_WARN_BOOL_CONVERSION = YES;
				CLANG_WARN_COMMA = YES;
				CLANG_WARN_CONSTANT_CONVERSION = YES;
				CLANG_WARN_DEPRECATED_OBJC_IMPLEMENTATIONS = YES;
				CLANG_WARN_DIRECT_OBJC_ISA_USAGE = YES_ERROR;
				CLANG_WARN_DOCUMENTATION_COMMENTS = YES;
				CLANG_WARN_EMPTY_BODY = YES;
				CLANG_WARN_ENUM_CONVERSION = YES;
				CLANG_WARN_INFINITE_RECURSION = YES;
				CLANG_WARN_INT_CONVERSION = YES;
				CLANG_WARN_NON_LITERAL_NULL_CONVERSION = YES;
				CLANG_WARN_OBJC_IMPLICIT_RETAIN_SELF = YES;
				CLANG_WARN_OBJC_LITERAL_CONVERSION = YES;
				CLANG_WARN_OBJC_ROOT_CLASS = YES_ERROR;
				CLANG_WARN_QUOTED_INCLUDE_IN_FRAMEWORK_HEADER = YES;
				CLANG_WARN_RANGE_LOOP_ANALYSIS = YES;
				CLANG_WARN_STRICT_PROTOTYPES = YES;
				CLANG_WARN_SUSPICIOUS_MOVE = YES;
				CLANG_WARN_UNGUARDED_AVAILABILITY = YES_AGGRESSIVE;
				CLANG_WARN_UNREACHABLE_CODE = YES;
				CLANG_WARN__DUPLICATE_METHOD_MATCH = YES;
				COPY_PHASE_STRIP = NO;
				DEBUG_INFORMATION_FORMAT = dwarf;
				ENABLE_STRICT_OBJC_MSGSEND = YES;
				ENABLE_TESTABILITY = YES;
				GCC_C_LANGUAGE_STANDARD = gnu11;
				GCC_DYNAMIC_NO_PIC = NO;
				GCC_NO_COMMON_BLOCKS = YES;
				GCC_OPTIMIZATION_LEVEL = 0;
				GCC_PREPROCESSOR_DEFINITIONS = (
					"DEBUG=1",
					"$(inherited)",
				);
				GCC_WARN_64_TO_32_BIT_CONVERSION = YES;
				GCC_WARN_ABOUT_RETURN_TYPE = YES_ERROR;
				GCC_WARN_UNDECLARED_SELECTOR = YES;
				GCC_WARN_UNINITIALIZED_AUTOS = YES_AGGRESSIVE;
				GCC_WARN_UNUSED_FUNCTION = YES;
				GCC_WARN_UNUSED_VARIABLE = YES;
				IPHONEOS_DEPLOYMENT_TARGET = 16.4;
				MTL_ENABLE_DEBUG_INFO = INCLUDE_SOURCE;
				MTL_FAST_MATH = YES;
				ONLY_ACTIVE_ARCH = YES;
				SDKROOT = iphoneos;
				SWIFT_ACTIVE_COMPILATION_CONDITIONS = DEBUG;
				SWIFT_OPTIMIZATION_LEVEL = "-Onone";
			};
			name = Debug;
		};
		FB5D08642B6B2DAA00A8DAD8 /* Release */ = {
			isa = XCBuildConfiguration;
			buildSettings = {
				ALWAYS_SEARCH_USER_PATHS = NO;
				CLANG_ANALYZER_NONNULL = YES;
				CLANG_ANALYZER_NUMBER_OBJECT_CONVERSION = YES_AGGRESSIVE;
				CLANG_CXX_LANGUAGE_STANDARD = "gnu++20";
				CLANG_ENABLE_MODULES = YES;
				CLANG_ENABLE_OBJC_ARC = YES;
				CLANG_ENABLE_OBJC_WEAK = YES;
				CLANG_WARN_BLOCK_CAPTURE_AUTORELEASING = YES;
				CLANG_WARN_BOOL_CONVERSION = YES;
				CLANG_WARN_COMMA = YES;
				CLANG_WARN_CONSTANT_CONVERSION = YES;
				CLANG_WARN_DEPRECATED_OBJC_IMPLEMENTATIONS = YES;
				CLANG_WARN_DIRECT_OBJC_ISA_USAGE = YES_ERROR;
				CLANG_WARN_DOCUMENTATION_COMMENTS = YES;
				CLANG_WARN_EMPTY_BODY = YES;
				CLANG_WARN_ENUM_CONVERSION = YES;
				CLANG_WARN_INFINITE_RECURSION = YES;
				CLANG_WARN_INT_CONVERSION = YES;
				CLANG_WARN_NON_LITERAL_NULL_CONVERSION = YES;
				CLANG_WARN_OBJC_IMPLICIT_RETAIN_SELF = YES;
				CLANG_WARN_OBJC_LITERAL_CONVERSION = YES;
				CLANG_WARN_OBJC_ROOT_CLASS = YES_ERROR;
				CLANG_WARN_QUOTED_INCLUDE_IN_FRAMEWORK_HEADER = YES;
				CLANG_WARN_RANGE_LOOP_ANALYSIS = YES;
				CLANG_WARN_STRICT_PROTOTYPES = YES;
				CLANG_WARN_SUSPICIOUS_MOVE = YES;
				CLANG_WARN_UNGUARDED_AVAILABILITY = YES_AGGRESSIVE;
				CLANG_WARN_UNREACHABLE_CODE = YES;
				CLANG_WARN__DUPLICATE_METHOD_MATCH = YES;
				COPY_PHASE_STRIP = NO;
				DEBUG_INFORMATION_FORMAT = "dwarf-with-dsym";
				ENABLE_NS_ASSERTIONS = NO;
				ENABLE_STRICT_OBJC_MSGSEND = YES;
				GCC_C_LANGUAGE_STANDARD = gnu11;
				GCC_NO_COMMON_BLOCKS = YES;
				GCC_WARN_64_TO_32_BIT_CONVERSION = YES;
				GCC_WARN_ABOUT_RETURN_TYPE = YES_ERROR;
				GCC_WARN_UNDECLARED_SELECTOR = YES;
				GCC_WARN_UNINITIALIZED_AUTOS = YES_AGGRESSIVE;
				GCC_WARN_UNUSED_FUNCTION = YES;
				GCC_WARN_UNUSED_VARIABLE = YES;
				IPHONEOS_DEPLOYMENT_TARGET = 16.4;
				MTL_ENABLE_DEBUG_INFO = NO;
				MTL_FAST_MATH = YES;
				SDKROOT = iphoneos;
				SWIFT_COMPILATION_MODE = wholemodule;
				SWIFT_OPTIMIZATION_LEVEL = "-O";
				VALIDATE_PRODUCT = YES;
			};
			name = Release;
		};
		FB5D08662B6B2DAA00A8DAD8 /* Debug */ = {
			isa = XCBuildConfiguration;
			buildSettings = {
				ASSETCATALOG_COMPILER_APPICON_NAME = AppIcon;
				ASSETCATALOG_COMPILER_GLOBAL_ACCENT_COLOR_NAME = AccentColor;
				CODE_SIGN_STYLE = Automatic;
				CURRENT_PROJECT_VERSION = 1;
				GENERATE_INFOPLIST_FILE = YES;
				INFOPLIST_FILE = test/Info.plist;
				INFOPLIST_KEY_UIApplicationSupportsIndirectInputEvents = YES;
				INFOPLIST_KEY_UILaunchStoryboardName = LaunchScreen;
				INFOPLIST_KEY_UIMainStoryboardFile = Main;
				INFOPLIST_KEY_UISupportedInterfaceOrientations_iPad = "UIInterfaceOrientationPortrait UIInterfaceOrientationPortraitUpsideDown UIInterfaceOrientationLandscapeLeft UIInterfaceOrientationLandscapeRight";
				INFOPLIST_KEY_UISupportedInterfaceOrientations_iPhone = "UIInterfaceOrientationPortrait UIInterfaceOrientationLandscapeLeft UIInterfaceOrientationLandscapeRight";
				LD_RUNPATH_SEARCH_PATHS = (
					"$(inherited)",
					"@executable_path/Frameworks",
				);
				MARKETING_VERSION = 1.0;
				PRODUCT_BUNDLE_IDENTIFIER = Practice1Intro.test;
				PRODUCT_NAME = "$(TARGET_NAME)";
				SWIFT_EMIT_LOC_STRINGS = YES;
				SWIFT_VERSION = 5.0;
				TARGETED_DEVICE_FAMILY = "1,2";
			};
			name = Debug;
		};
		FB5D08672B6B2DAA00A8DAD8 /* Release */ = {
			isa = XCBuildConfiguration;
			buildSettings = {
				ASSETCATALOG_COMPILER_APPICON_NAME = AppIcon;
				ASSETCATALOG_COMPILER_GLOBAL_ACCENT_COLOR_NAME = AccentColor;
				CODE_SIGN_STYLE = Automatic;
				CURRENT_PROJECT_VERSION = 1;
				GENERATE_INFOPLIST_FILE = YES;
				INFOPLIST_FILE = test/Info.plist;
				INFOPLIST_KEY_UIApplicationSupportsIndirectInputEvents = YES;
				INFOPLIST_KEY_UILaunchStoryboardName = LaunchScreen;
				INFOPLIST_KEY_UIMainStoryboardFile = Main;
				INFOPLIST_KEY_UISupportedInterfaceOrientations_iPad = "UIInterfaceOrientationPortrait UIInterfaceOrientationPortraitUpsideDown UIInterfaceOrientationLandscapeLeft UIInterfaceOrientationLandscapeRight";
				INFOPLIST_KEY_UISupportedInterfaceOrientations_iPhone = "UIInterfaceOrientationPortrait UIInterfaceOrientationLandscapeLeft UIInterfaceOrientationLandscapeRight";
				LD_RUNPATH_SEARCH_PATHS = (
					"$(inherited)",
					"@executable_path/Frameworks",
				);
				MARKETING_VERSION = 1.0;
				PRODUCT_BUNDLE_IDENTIFIER = Practice1Intro.test;
				PRODUCT_NAME = "$(TARGET_NAME)";
				SWIFT_EMIT_LOC_STRINGS = YES;
				SWIFT_VERSION = 5.0;
				TARGETED_DEVICE_FAMILY = "1,2";
			};
			name = Release;
		};
		FB5D08692B6B2DAA00A8DAD8 /* Debug */ = {
			isa = XCBuildConfiguration;
			buildSettings = {
				ALWAYS_EMBED_SWIFT_STANDARD_LIBRARIES = YES;
				BUNDLE_LOADER = "$(TEST_HOST)";
				CODE_SIGN_STYLE = Automatic;
				CURRENT_PROJECT_VERSION = 1;
				GENERATE_INFOPLIST_FILE = YES;
				IPHONEOS_DEPLOYMENT_TARGET = 16.4;
				MARKETING_VERSION = 1.0;
				PRODUCT_BUNDLE_IDENTIFIER = Practice1Intro.testTests;
				PRODUCT_NAME = "$(TARGET_NAME)";
				SWIFT_EMIT_LOC_STRINGS = NO;
				SWIFT_VERSION = 5.0;
				TARGETED_DEVICE_FAMILY = "1,2";
				TEST_HOST = "$(BUILT_PRODUCTS_DIR)/test.app/$(BUNDLE_EXECUTABLE_FOLDER_PATH)/test";
			};
			name = Debug;
		};
		FB5D086A2B6B2DAA00A8DAD8 /* Release */ = {
			isa = XCBuildConfiguration;
			buildSettings = {
				ALWAYS_EMBED_SWIFT_STANDARD_LIBRARIES = YES;
				BUNDLE_LOADER = "$(TEST_HOST)";
				CODE_SIGN_STYLE = Automatic;
				CURRENT_PROJECT_VERSION = 1;
				GENERATE_INFOPLIST_FILE = YES;
				IPHONEOS_DEPLOYMENT_TARGET = 16.4;
				MARKETING_VERSION = 1.0;
				PRODUCT_BUNDLE_IDENTIFIER = Practice1Intro.testTests;
				PRODUCT_NAME = "$(TARGET_NAME)";
				SWIFT_EMIT_LOC_STRINGS = NO;
				SWIFT_VERSION = 5.0;
				TARGETED_DEVICE_FAMILY = "1,2";
				TEST_HOST = "$(BUILT_PRODUCTS_DIR)/test.app/$(BUNDLE_EXECUTABLE_FOLDER_PATH)/test";
			};
			name = Release;
		};
		FB5D086C2B6B2DAA00A8DAD8 /* Debug */ = {
			isa = XCBuildConfiguration;
			buildSettings = {
				ALWAYS_EMBED_SWIFT_STANDARD_LIBRARIES = YES;
				CODE_SIGN_STYLE = Automatic;
				CURRENT_PROJECT_VERSION = 1;
				GENERATE_INFOPLIST_FILE = YES;
				MARKETING_VERSION = 1.0;
				PRODUCT_BUNDLE_IDENTIFIER = Practice1Intro.testUITests;
				PRODUCT_NAME = "$(TARGET_NAME)";
				SWIFT_EMIT_LOC_STRINGS = NO;
				SWIFT_VERSION = 5.0;
				TARGETED_DEVICE_FAMILY = "1,2";
				TEST_TARGET_NAME = test;
			};
			name = Debug;
		};
		FB5D086D2B6B2DAA00A8DAD8 /* Release */ = {
			isa = XCBuildConfiguration;
			buildSettings = {
				ALWAYS_EMBED_SWIFT_STANDARD_LIBRARIES = YES;
				CODE_SIGN_STYLE = Automatic;
				CURRENT_PROJECT_VERSION = 1;
				GENERATE_INFOPLIST_FILE = YES;
				MARKETING_VERSION = 1.0;
				PRODUCT_BUNDLE_IDENTIFIER = Practice1Intro.testUITests;
				PRODUCT_NAME = "$(TARGET_NAME)";
				SWIFT_EMIT_LOC_STRINGS = NO;
				SWIFT_VERSION = 5.0;
				TARGETED_DEVICE_FAMILY = "1,2";
				TEST_TARGET_NAME = test;
			};
			name = Release;
		};
/* End XCBuildConfiguration section */

/* Begin XCConfigurationList section */
		FB5D08332B6B2DA700A8DAD8 /* Build configuration list for PBXProject "test" */ = {
			isa = XCConfigurationList;
			buildConfigurations = (
				FB5D08632B6B2DAA00A8DAD8 /* Debug */,
				FB5D08642B6B2DAA00A8DAD8 /* Release */,
			);
			defaultConfigurationIsVisible = 0;
			defaultConfigurationName = Release;
		};
		FB5D08652B6B2DAA00A8DAD8 /* Build configuration list for PBXNativeTarget "test" */ = {
			isa = XCConfigurationList;
			buildConfigurations = (
				FB5D08662B6B2DAA00A8DAD8 /* Debug */,
				FB5D08672B6B2DAA00A8DAD8 /* Release */,
			);
			defaultConfigurationIsVisible = 0;
			defaultConfigurationName = Release;
		};
		FB5D08682B6B2DAA00A8DAD8 /* Build configuration list for PBXNativeTarget "testTests" */ = {
			isa = XCConfigurationList;
			buildConfigurations = (
				FB5D08692B6B2DAA00A8DAD8 /* Debug */,
				FB5D086A2B6B2DAA00A8DAD8 /* Release */,
			);
			defaultConfigurationIsVisible = 0;
			defaultConfigurationName = Release;
		};
		FB5D086B2B6B2DAA00A8DAD8 /* Build configuration list for PBXNativeTarget "testUITests" */ = {
			isa = XCConfigurationList;
			buildConfigurations = (
				FB5D086C2B6B2DAA00A8DAD8 /* Debug */,
				FB5D086D2B6B2DAA00A8DAD8 /* Release */,
			);
			defaultConfigurationIsVisible = 0;
			defaultConfigurationName = Release;
		};
/* End XCConfigurationList section */

/* Begin XCVersionGroup section */
		FB5D08442B6B2DA700A8DAD8 /* test.xcdatamodeld */ = {
			isa = XCVersionGroup;
			children = (
				FB5D08452B6B2DA700A8DAD8 /* test.xcdatamodel */,
			);
			currentVersion = FB5D08452B6B2DA700A8DAD8 /* test.xcdatamodel */;
			path = test.xcdatamodeld;
			sourceTree = "<group>";
			versionGroupType = wrapper.xcdatamodel;
		};
/* End XCVersionGroup section */
	};
	rootObject = FB5D08302B6B2DA700A8DAD8 /* Project object */;
}
